// !$*UTF8*$!
{
	archiveVersion = 1;
	classes = {
	};
	objectVersion = 50;
	objects = {

/* Begin PBXBuildFile section */
		1C954DC82461B3240045C130 /* AppDelegate.swift in Sources */ = {isa = PBXBuildFile; fileRef = 1C954DC72461B3240045C130 /* AppDelegate.swift */; };
		1C954DCA2461B3240045C130 /* SceneDelegate.swift in Sources */ = {isa = PBXBuildFile; fileRef = 1C954DC92461B3240045C130 /* SceneDelegate.swift */; };
		1C954DCC2461B3240045C130 /* ContentView.swift in Sources */ = {isa = PBXBuildFile; fileRef = 1C954DCB2461B3240045C130 /* ContentView.swift */; };
		1C954DCE2461B3280045C130 /* Assets.xcassets in Resources */ = {isa = PBXBuildFile; fileRef = 1C954DCD2461B3280045C130 /* Assets.xcassets */; };
		1C954DD12461B3280045C130 /* Preview Assets.xcassets in Resources */ = {isa = PBXBuildFile; fileRef = 1C954DD02461B3280045C130 /* Preview Assets.xcassets */; };
		1C954DD42461B3280045C130 /* LaunchScreen.storyboard in Resources */ = {isa = PBXBuildFile; fileRef = 1C954DD22461B3280045C130 /* LaunchScreen.storyboard */; };
		1C954DDD2461B8590045C130 /* NetworkManager.swift in Sources */ = {isa = PBXBuildFile; fileRef = 1C954DDC2461B8590045C130 /* NetworkManager.swift */; };
		1C954DDF2461BAC40045C130 /* PostData.swift in Sources */ = {isa = PBXBuildFile; fileRef = 1C954DDE2461BAC40045C130 /* PostData.swift */; };
		1C954DE22461C5B30045C130 /* DetailView.swift in Sources */ = {isa = PBXBuildFile; fileRef = 1C954DE12461C5B30045C130 /* DetailView.swift */; };
		1C954DE42461CA390045C130 /* WebView.swift in Sources */ = {isa = PBXBuildFile; fileRef = 1C954DE32461CA390045C130 /* WebView.swift */; };
/* End PBXBuildFile section */

/* Begin PBXFileReference section */
		1C954DC42461B3240045C130 /* Tech News.app */ = {isa = PBXFileReference; explicitFileType = wrapper.application; includeInIndex = 0; path = "Tech News.app"; sourceTree = BUILT_PRODUCTS_DIR; };
		1C954DC72461B3240045C130 /* AppDelegate.swift */ = {isa = PBXFileReference; lastKnownFileType = sourcecode.swift; path = AppDelegate.swift; sourceTree = "<group>"; };
		1C954DC92461B3240045C130 /* SceneDelegate.swift */ = {isa = PBXFileReference; lastKnownFileType = sourcecode.swift; path = SceneDelegate.swift; sourceTree = "<group>"; };
		1C954DCB2461B3240045C130 /* ContentView.swift */ = {isa = PBXFileReference; lastKnownFileType = sourcecode.swift; path = ContentView.swift; sourceTree = "<group>"; };
		1C954DCD2461B3280045C130 /* Assets.xcassets */ = {isa = PBXFileReference; lastKnownFileType = folder.assetcatalog; path = Assets.xcassets; sourceTree = "<group>"; };
		1C954DD02461B3280045C130 /* Preview Assets.xcassets */ = {isa = PBXFileReference; lastKnownFileType = folder.assetcatalog; path = "Preview Assets.xcassets"; sourceTree = "<group>"; };
		1C954DD32461B3280045C130 /* Base */ = {isa = PBXFileReference; lastKnownFileType = file.storyboard; name = Base; path = Base.lproj/LaunchScreen.storyboard; sourceTree = "<group>"; };
		1C954DD52461B3280045C130 /* Info.plist */ = {isa = PBXFileReference; lastKnownFileType = text.plist.xml; path = Info.plist; sourceTree = "<group>"; };
		1C954DDC2461B8590045C130 /* NetworkManager.swift */ = {isa = PBXFileReference; lastKnownFileType = sourcecode.swift; path = NetworkManager.swift; sourceTree = "<group>"; };
		1C954DDE2461BAC40045C130 /* PostData.swift */ = {isa = PBXFileReference; lastKnownFileType = sourcecode.swift; path = PostData.swift; sourceTree = "<group>"; };
		1C954DE12461C5B30045C130 /* DetailView.swift */ = {isa = PBXFileReference; lastKnownFileType = sourcecode.swift; path = DetailView.swift; sourceTree = "<group>"; };
		1C954DE32461CA390045C130 /* WebView.swift */ = {isa = PBXFileReference; lastKnownFileType = sourcecode.swift; path = WebView.swift; sourceTree = "<group>"; };
		1C954DE52461D01A0045C130 /* Tech News.entitlements */ = {isa = PBXFileReference; lastKnownFileType = text.plist.entitlements; path = "Tech News.entitlements"; sourceTree = "<group>"; };
/* End PBXFileReference section */

/* Begin PBXFrameworksBuildPhase section */
		1C954DC12461B3240045C130 /* Frameworks */ = {
			isa = PBXFrameworksBuildPhase;
			buildActionMask = 2147483647;
			files = (
			);
			runOnlyForDeploymentPostprocessing = 0;
		};
/* End PBXFrameworksBuildPhase section */

/* Begin PBXGroup section */
		1C954DBB2461B3240045C130 = {
			isa = PBXGroup;
			children = (
				1C954DC62461B3240045C130 /* Tech News */,
				1C954DC52461B3240045C130 /* Products */,
			);
			sourceTree = "<group>";
		};
		1C954DC52461B3240045C130 /* Products */ = {
			isa = PBXGroup;
			children = (
				1C954DC42461B3240045C130 /* Tech News.app */,
			);
			name = Products;
			sourceTree = "<group>";
		};
		1C954DC62461B3240045C130 /* Tech News */ = {
			isa = PBXGroup;
			children = (
				1C954DE52461D01A0045C130 /* Tech News.entitlements */,
				1C954DDB2461B7F50045C130 /* Model */,
				1C954DC72461B3240045C130 /* AppDelegate.swift */,
				1C954DC92461B3240045C130 /* SceneDelegate.swift */,
				1C954DE02461C5970045C130 /* Views */,
				1C954DCD2461B3280045C130 /* Assets.xcassets */,
				1C954DD22461B3280045C130 /* LaunchScreen.storyboard */,
				1C954DD52461B3280045C130 /* Info.plist */,
				1C954DCF2461B3280045C130 /* Preview Content */,
			);
			path = "Tech News";
			sourceTree = "<group>";
		};
		1C954DCF2461B3280045C130 /* Preview Content */ = {
			isa = PBXGroup;
			children = (
				1C954DD02461B3280045C130 /* Preview Assets.xcassets */,
			);
			path = "Preview Content";
			sourceTree = "<group>";
		};
		1C954DDB2461B7F50045C130 /* Model */ = {
			isa = PBXGroup;
			children = (
				1C954DDC2461B8590045C130 /* NetworkManager.swift */,
				1C954DDE2461BAC40045C130 /* PostData.swift */,
			);
			path = Model;
			sourceTree = "<group>";
		};
		1C954DE02461C5970045C130 /* Views */ = {
			isa = PBXGroup;
			children = (
				1C954DCB2461B3240045C130 /* ContentView.swift */,
				1C954DE12461C5B30045C130 /* DetailView.swift */,
				1C954DE32461CA390045C130 /* WebView.swift */,
			);
			path = Views;
			sourceTree = "<group>";
		};
/* End PBXGroup section */

/* Begin PBXNativeTarget section */
		1C954DC32461B3240045C130 /* Tech News */ = {
			isa = PBXNativeTarget;
			buildConfigurationList = 1C954DD82461B3280045C130 /* Build configuration list for PBXNativeTarget "Tech News" */;
			buildPhases = (
				1C954DC02461B3240045C130 /* Sources */,
				1C954DC12461B3240045C130 /* Frameworks */,
				1C954DC22461B3240045C130 /* Resources */,
			);
			buildRules = (
			);
			dependencies = (
			);
			name = "Tech News";
			productName = "Tech News";
			productReference = 1C954DC42461B3240045C130 /* Tech News.app */;
			productType = "com.apple.product-type.application";
		};
/* End PBXNativeTarget section */

/* Begin PBXProject section */
		1C954DBC2461B3240045C130 /* Project object */ = {
			isa = PBXProject;
			attributes = {
				LastSwiftUpdateCheck = 1130;
				LastUpgradeCheck = 1130;
				ORGANIZATIONNAME = "Qalab Inc.";
				TargetAttributes = {
					1C954DC32461B3240045C130 = {
						CreatedOnToolsVersion = 11.3.1;
					};
				};
			};
			buildConfigurationList = 1C954DBF2461B3240045C130 /* Build configuration list for PBXProject "Tech News" */;
			compatibilityVersion = "Xcode 9.3";
			developmentRegion = en;
			hasScannedForEncodings = 0;
			knownRegions = (
				en,
				Base,
			);
			mainGroup = 1C954DBB2461B3240045C130;
			productRefGroup = 1C954DC52461B3240045C130 /* Products */;
			projectDirPath = "";
			projectRoot = "";
			targets = (
				1C954DC32461B3240045C130 /* Tech News */,
			);
		};
/* End PBXProject section */

/* Begin PBXResourcesBuildPhase section */
		1C954DC22461B3240045C130 /* Resources */ = {
			isa = PBXResourcesBuildPhase;
			buildActionMask = 2147483647;
			files = (
				1C954DD42461B3280045C130 /* LaunchScreen.storyboard in Resources */,
				1C954DD12461B3280045C130 /* Preview Assets.xcassets in Resources */,
				1C954DCE2461B3280045C130 /* Assets.xcassets in Resources */,
			);
			runOnlyForDeploymentPostprocessing = 0;
		};
/* End PBXResourcesBuildPhase section */

/* Begin PBXSourcesBuildPhase section */
		1C954DC02461B3240045C130 /* Sources */ = {
			isa = PBXSourcesBuildPhase;
			buildActionMask = 2147483647;
			files = (
				1C954DDF2461BAC40045C130 /* PostData.swift in Sources */,
				1C954DE22461C5B30045C130 /* DetailView.swift in Sources */,
				1C954DDD2461B8590045C130 /* NetworkManager.swift in Sources */,
				1C954DC82461B3240045C130 /* AppDelegate.swift in Sources */,
				1C954DCA2461B3240045C130 /* SceneDelegate.swift in Sources */,
				1C954DCC2461B3240045C130 /* ContentView.swift in Sources */,
				1C954DE42461CA390045C130 /* WebView.swift in Sources */,
			);
			runOnlyForDeploymentPostprocessing = 0;
		};
/* End PBXSourcesBuildPhase section */

/* Begin PBXVariantGroup section */
		1C954DD22461B3280045C130 /* LaunchScreen.storyboard */ = {
			isa = PBXVariantGroup;
			children = (
				1C954DD32461B3280045C130 /* Base */,
			);
			name = LaunchScreen.storyboard;
			sourceTree = "<group>";
		};
/* End PBXVariantGroup section */

/* Begin XCBuildConfiguration section */
		1C954DD62461B3280045C130 /* Debug */ = {
			isa = XCBuildConfiguration;
			buildSettings = {
				ALWAYS_SEARCH_USER_PATHS = NO;
				CLANG_ANALYZER_NONNULL = YES;
				CLANG_ANALYZER_NUMBER_OBJECT_CONVERSION = YES_AGGRESSIVE;
				CLANG_CXX_LANGUAGE_STANDARD = "gnu++14";
				CLANG_CXX_LIBRARY = "libc++";
				CLANG_ENABLE_MODULES = YES;
				CLANG_ENABLE_OBJC_ARC = YES;
				CLANG_ENABLE_OBJC_WEAK = YES;
				CLANG_WARN_BLOCK_CAPTURE_AUTORELEASING = YES;
				CLANG_WARN_BOOL_CONVERSION = YES;
				CLANG_WARN_COMMA = YES;
				CLANG_WARN_CONSTANT_CONVERSION = YES;
				CLANG_WARN_DEPRECATED_OBJC_IMPLEMENTATIONS = YES;
				CLANG_WARN_DIRECT_OBJC_ISA_USAGE = YES_ERROR;
				CLANG_WARN_DOCUMENTATION_COMMENTS = YES;
				CLANG_WARN_EMPTY_BODY = YES;
				CLANG_WARN_ENUM_CONVERSION = YES;
				CLANG_WARN_INFINITE_RECURSION = YES;
				CLANG_WARN_INT_CONVERSION = YES;
				CLANG_WARN_NON_LITERAL_NULL_CONVERSION = YES;
				CLANG_WARN_OBJC_IMPLICIT_RETAIN_SELF = YES;
				CLANG_WARN_OBJC_LITERAL_CONVERSION = YES;
				CLANG_WARN_OBJC_ROOT_CLASS = YES_ERROR;
				CLANG_WARN_RANGE_LOOP_ANALYSIS = YES;
				CLANG_WARN_STRICT_PROTOTYPES = YES;
				CLANG_WARN_SUSPICIOUS_MOVE = YES;
				CLANG_WARN_UNGUARDED_AVAILABILITY = YES_AGGRESSIVE;
				CLANG_WARN_UNREACHABLE_CODE = YES;
				CLANG_WARN__DUPLICATE_METHOD_MATCH = YES;
				COPY_PHASE_STRIP = NO;
				DEBUG_INFORMATION_FORMAT = dwarf;
				ENABLE_STRICT_OBJC_MSGSEND = YES;
				ENABLE_TESTABILITY = YES;
				GCC_C_LANGUAGE_STANDARD = gnu11;
				GCC_DYNAMIC_NO_PIC = NO;
				GCC_NO_COMMON_BLOCKS = YES;
				GCC_OPTIMIZATION_LEVEL = 0;
				GCC_PREPROCESSOR_DEFINITIONS = (
					"DEBUG=1",
					"$(inherited)",
				);
				GCC_WARN_64_TO_32_BIT_CONVERSION = YES;
				GCC_WARN_ABOUT_RETURN_TYPE = YES_ERROR;
				GCC_WARN_UNDECLARED_SELECTOR = YES;
				GCC_WARN_UNINITIALIZED_AUTOS = YES_AGGRESSIVE;
				GCC_WARN_UNUSED_FUNCTION = YES;
				GCC_WARN_UNUSED_VARIABLE = YES;
				IPHONEOS_DEPLOYMENT_TARGET = 13.2;
				MTL_ENABLE_DEBUG_INFO = INCLUDE_SOURCE;
				MTL_FAST_MATH = YES;
				ONLY_ACTIVE_ARCH = YES;
				SDKROOT = iphoneos;
				SWIFT_ACTIVE_COMPILATION_CONDITIONS = DEBUG;
				SWIFT_OPTIMIZATION_LEVEL = "-Onone";
			};
			name = Debug;
		};
		1C954DD72461B3280045C130 /* Release */ = {
			isa = XCBuildConfiguration;
			buildSettings = {
				ALWAYS_SEARCH_USER_PATHS = NO;
				CLANG_ANALYZER_NONNULL = YES;
				CLANG_ANALYZER_NUMBER_OBJECT_CONVERSION = YES_AGGRESSIVE;
				CLANG_CXX_LANGUAGE_STANDARD = "gnu++14";
				CLANG_CXX_LIBRARY = "libc++";
				CLANG_ENABLE_MODULES = YES;
				CLANG_ENABLE_OBJC_ARC = YES;
				CLANG_ENABLE_OBJC_WEAK = YES;
				CLANG_WARN_BLOCK_CAPTURE_AUTORELEASING = YES;
				CLANG_WARN_BOOL_CONVERSION = YES;
				CLANG_WARN_COMMA = YES;
				CLANG_WARN_CONSTANT_CONVERSION = YES;
				CLANG_WARN_DEPRECATED_OBJC_IMPLEMENTATIONS = YES;
				CLANG_WARN_DIRECT_OBJC_ISA_USAGE = YES_ERROR;
				CLANG_WARN_DOCUMENTATION_COMMENTS = YES;
				CLANG_WARN_EMPTY_BODY = YES;
				CLANG_WARN_ENUM_CONVERSION = YES;
				CLANG_WARN_INFINITE_RECURSION = YES;
				CLANG_WARN_INT_CONVERSION = YES;
				CLANG_WARN_NON_LITERAL_NULL_CONVERSION = YES;
				CLANG_WARN_OBJC_IMPLICIT_RETAIN_SELF = YES;
				CLANG_WARN_OBJC_LITERAL_CONVERSION = YES;
				CLANG_WARN_OBJC_ROOT_CLASS = YES_ERROR;
				CLANG_WARN_RANGE_LOOP_ANALYSIS = YES;
				CLANG_WARN_STRICT_PROTOTYPES = YES;
				CLANG_WARN_SUSPICIOUS_MOVE = YES;
				CLANG_WARN_UNGUARDED_AVAILABILITY = YES_AGGRESSIVE;
				CLANG_WARN_UNREACHABLE_CODE = YES;
				CLANG_WARN__DUPLICATE_METHOD_MATCH = YES;
				COPY_PHASE_STRIP = NO;
				DEBUG_INFORMATION_FORMAT = "dwarf-with-dsym";
				ENABLE_NS_ASSERTIONS = NO;
				ENABLE_STRICT_OBJC_MSGSEND = YES;
				GCC_C_LANGUAGE_STANDARD = gnu11;
				GCC_NO_COMMON_BLOCKS = YES;
				GCC_WARN_64_TO_32_BIT_CONVERSION = YES;
				GCC_WARN_ABOUT_RETURN_TYPE = YES_ERROR;
				GCC_WARN_UNDECLARED_SELECTOR = YES;
				GCC_WARN_UNINITIALIZED_AUTOS = YES_AGGRESSIVE;
				GCC_WARN_UNUSED_FUNCTION = YES;
				GCC_WARN_UNUSED_VARIABLE = YES;
				IPHONEOS_DEPLOYMENT_TARGET = 13.2;
				MTL_ENABLE_DEBUG_INFO = NO;
				MTL_FAST_MATH = YES;
				SDKROOT = iphoneos;
				SWIFT_COMPILATION_MODE = wholemodule;
				SWIFT_OPTIMIZATION_LEVEL = "-O";
				VALIDATE_PRODUCT = YES;
			};
			name = Release;
		};
		1C954DD92461B3280045C130 /* Debug */ = {
			isa = XCBuildConfiguration;
			buildSettings = {
				ASSETCATALOG_COMPILER_APPICON_NAME = AppIcon;
				CODE_SIGN_ENTITLEMENTS = "Tech News/Tech News.entitlements";
				CODE_SIGN_STYLE = Automatic;
				DERIVE_MACCATALYST_PRODUCT_BUNDLE_IDENTIFIER = YES;
				DEVELOPMENT_ASSET_PATHS = "\"Tech News/Preview Content\"";
				DEVELOPMENT_TEAM = TU22LJRGEZ;
				ENABLE_PREVIEWS = YES;
				INFOPLIST_FILE = "Tech News/Info.plist";
				LD_RUNPATH_SEARCH_PATHS = (
					"$(inherited)",
					"@executable_path/Frameworks",
				);
				PRODUCT_BUNDLE_IDENTIFIER = "Qalab.Tech-News";
				PRODUCT_NAME = "$(TARGET_NAME)";
				SUPPORTS_MACCATALYST = YES;
				SWIFT_VERSION = 5.0;
				TARGETED_DEVICE_FAMILY = "1,2";
			};
			name = Debug;
		};
		1C954DDA2461B3280045C130 /* Release */ = {
			isa = XCBuildConfiguration;
			buildSettings = {
				ASSETCATALOG_COMPILER_APPICON_NAME = AppIcon;
				CODE_SIGN_ENTITLEMENTS = "Tech News/Tech News.entitlements";
				CODE_SIGN_STYLE = Automatic;
				DERIVE_MACCATALYST_PRODUCT_BUNDLE_IDENTIFIER = YES;
				DEVELOPMENT_ASSET_PATHS = "\"Tech News/Preview Content\"";
				DEVELOPMENT_TEAM = TU22LJRGEZ;
				ENABLE_PREVIEWS = YES;
				INFOPLIST_FILE = "Tech News/Info.plist";
				LD_RUNPATH_SEARCH_PATHS = (
					"$(inherited)",
					"@executable_path/Frameworks",
				);
				PRODUCT_BUNDLE_IDENTIFIER = "Qalab.Tech-News";
				PRODUCT_NAME = "$(TARGET_NAME)";
				SUPPORTS_MACCATALYST = YES;
				SWIFT_VERSION = 5.0;
				TARGETED_DEVICE_FAMILY = "1,2";
			};
			name = Release;
		};
/* End XCBuildConfiguration section */

/* Begin XCConfigurationList section */
		1C954DBF2461B3240045C130 /* Build configuration list for PBXProject "Tech News" */ = {
			isa = XCConfigurationList;
			buildConfigurations = (
				1C954DD62461B3280045C130 /* Debug */,
				1C954DD72461B3280045C130 /* Release */,
			);
			defaultConfigurationIsVisible = 0;
			defaultConfigurationName = Release;
		};
		1C954DD82461B3280045C130 /* Build configuration list for PBXNativeTarget "Tech News" */ = {
			isa = XCConfigurationList;
			buildConfigurations = (
				1C954DD92461B3280045C130 /* Debug */,
				1C954DDA2461B3280045C130 /* Release */,
			);
			defaultConfigurationIsVisible = 0;
			defaultConfigurationName = Release;
		};
/* End XCConfigurationList section */
	};
	rootObject = 1C954DBC2461B3240045C130 /* Project object */;
}
